// !$*UTF8*$!
{
	archiveVersion = 1;
	classes = {
	};
	objectVersion = 46;
	objects = {

/* Begin PBXBuildFile section */
		97D03E4D1B1A261700717FDA /* AppDelegate.swift in Sources */ = {isa = PBXBuildFile; fileRef = 97D03E4C1B1A261700717FDA /* AppDelegate.swift */; };
		97D03E4F1B1A261700717FDA /* ViewController.swift in Sources */ = {isa = PBXBuildFile; fileRef = 97D03E4E1B1A261700717FDA /* ViewController.swift */; };
		97D03E521B1A261700717FDA /* Main.storyboard in Resources */ = {isa = PBXBuildFile; fileRef = 97D03E501B1A261700717FDA /* Main.storyboard */; };
		97D03E541B1A261700717FDA /* Images.xcassets in Resources */ = {isa = PBXBuildFile; fileRef = 97D03E531B1A261700717FDA /* Images.xcassets */; };
		97D03E571B1A261700717FDA /* LaunchScreen.xib in Resources */ = {isa = PBXBuildFile; fileRef = 97D03E551B1A261700717FDA /* LaunchScreen.xib */; };
		97D03E631B1A261700717FDA /* RGB_SlidersTests.swift in Sources */ = {isa = PBXBuildFile; fileRef = 97D03E621B1A261700717FDA /* RGB_SlidersTests.swift */; };
/* End PBXBuildFile section */

/* Begin PBXContainerItemProxy section */
		97D03E5D1B1A261700717FDA /* PBXContainerItemProxy */ = {
			isa = PBXContainerItemProxy;
			containerPortal = 97D03E3F1B1A261700717FDA /* Project object */;
			proxyType = 1;
			remoteGlobalIDString = 97D03E461B1A261700717FDA;
			remoteInfo = "RGB Sliders";
		};
/* End PBXContainerItemProxy section */

/* Begin PBXFileReference section */
		97D03E471B1A261700717FDA /* RGB Sliders.app */ = {isa = PBXFileReference; explicitFileType = wrapper.application; includeInIndex = 0; path = "RGB Sliders.app"; sourceTree = BUILT_PRODUCTS_DIR; };
		97D03E4B1B1A261700717FDA /* Info.plist */ = {isa = PBXFileReference; lastKnownFileType = text.plist.xml; path = Info.plist; sourceTree = "<group>"; };
		97D03E4C1B1A261700717FDA /* AppDelegate.swift */ = {isa = PBXFileReference; lastKnownFileType = sourcecode.swift; path = AppDelegate.swift; sourceTree = "<group>"; };
		97D03E4E1B1A261700717FDA /* ViewController.swift */ = {isa = PBXFileReference; lastKnownFileType = sourcecode.swift; path = ViewController.swift; sourceTree = "<group>"; };
		97D03E511B1A261700717FDA /* Base */ = {isa = PBXFileReference; lastKnownFileType = file.storyboard; name = Base; path = Base.lproj/Main.storyboard; sourceTree = "<group>"; };
		97D03E531B1A261700717FDA /* Images.xcassets */ = {isa = PBXFileReference; lastKnownFileType = folder.assetcatalog; path = Images.xcassets; sourceTree = "<group>"; };
		97D03E561B1A261700717FDA /* Base */ = {isa = PBXFileReference; lastKnownFileType = file.xib; name = Base; path = Base.lproj/LaunchScreen.xib; sourceTree = "<group>"; };
		97D03E5C1B1A261700717FDA /* RGB SlidersTests.xctest */ = {isa = PBXFileReference; explicitFileType = wrapper.cfbundle; includeInIndex = 0; path = "RGB SlidersTests.xctest"; sourceTree = BUILT_PRODUCTS_DIR; };
		97D03E611B1A261700717FDA /* Info.plist */ = {isa = PBXFileReference; lastKnownFileType = text.plist.xml; path = Info.plist; sourceTree = "<group>"; };
		97D03E621B1A261700717FDA /* RGB_SlidersTests.swift */ = {isa = PBXFileReference; lastKnownFileType = sourcecode.swift; path = RGB_SlidersTests.swift; sourceTree = "<group>"; };
/* End PBXFileReference section */

/* Begin PBXFrameworksBuildPhase section */
		97D03E441B1A261700717FDA /* Frameworks */ = {
			isa = PBXFrameworksBuildPhase;
			buildActionMask = 2147483647;
			files = (
			);
			runOnlyForDeploymentPostprocessing = 0;
		};
		97D03E591B1A261700717FDA /* Frameworks */ = {
			isa = PBXFrameworksBuildPhase;
			buildActionMask = 2147483647;
			files = (
			);
			runOnlyForDeploymentPostprocessing = 0;
		};
/* End PBXFrameworksBuildPhase section */

/* Begin PBXGroup section */
		97D03E3E1B1A261700717FDA = {
			isa = PBXGroup;
			children = (
				97D03E491B1A261700717FDA /* RGB Sliders */,
				97D03E5F1B1A261700717FDA /* RGB SlidersTests */,
				97D03E481B1A261700717FDA /* Products */,
			);
			sourceTree = "<group>";
		};
		97D03E481B1A261700717FDA /* Products */ = {
			isa = PBXGroup;
			children = (
				97D03E471B1A261700717FDA /* RGB Sliders.app */,
				97D03E5C1B1A261700717FDA /* RGB SlidersTests.xctest */,
			);
			name = Products;
			sourceTree = "<group>";
		};
		97D03E491B1A261700717FDA /* RGB Sliders */ = {
			isa = PBXGroup;
			children = (
				97D03E4C1B1A261700717FDA /* AppDelegate.swift */,
				97D03E4E1B1A261700717FDA /* ViewController.swift */,
				97D03E501B1A261700717FDA /* Main.storyboard */,
				97D03E531B1A261700717FDA /* Images.xcassets */,
				97D03E551B1A261700717FDA /* LaunchScreen.xib */,
				97D03E4A1B1A261700717FDA /* Supporting Files */,
			);
			path = "RGB Sliders";
			sourceTree = "<group>";
		};
		97D03E4A1B1A261700717FDA /* Supporting Files */ = {
			isa = PBXGroup;
			children = (
				97D03E4B1B1A261700717FDA /* Info.plist */,
			);
			name = "Supporting Files";
			sourceTree = "<group>";
		};
		97D03E5F1B1A261700717FDA /* RGB SlidersTests */ = {
			isa = PBXGroup;
			children = (
				97D03E621B1A261700717FDA /* RGB_SlidersTests.swift */,
				97D03E601B1A261700717FDA /* Supporting Files */,
			);
			path = "RGB SlidersTests";
			sourceTree = "<group>";
		};
		97D03E601B1A261700717FDA /* Supporting Files */ = {
			isa = PBXGroup;
			children = (
				97D03E611B1A261700717FDA /* Info.plist */,
			);
			name = "Supporting Files";
			sourceTree = "<group>";
		};
/* End PBXGroup section */

/* Begin PBXNativeTarget section */
		97D03E461B1A261700717FDA /* RGB Sliders */ = {
			isa = PBXNativeTarget;
			buildConfigurationList = 97D03E661B1A261700717FDA /* Build configuration list for PBXNativeTarget "RGB Sliders" */;
			buildPhases = (
				97D03E431B1A261700717FDA /* Sources */,
				97D03E441B1A261700717FDA /* Frameworks */,
				97D03E451B1A261700717FDA /* Resources */,
			);
			buildRules = (
			);
			dependencies = (
			);
			name = "RGB Sliders";
			productName = "RGB Sliders";
			productReference = 97D03E471B1A261700717FDA /* RGB Sliders.app */;
			productType = "com.apple.product-type.application";
		};
		97D03E5B1B1A261700717FDA /* RGB SlidersTests */ = {
			isa = PBXNativeTarget;
			buildConfigurationList = 97D03E691B1A261700717FDA /* Build configuration list for PBXNativeTarget "RGB SlidersTests" */;
			buildPhases = (
				97D03E581B1A261700717FDA /* Sources */,
				97D03E591B1A261700717FDA /* Frameworks */,
				97D03E5A1B1A261700717FDA /* Resources */,
			);
			buildRules = (
			);
			dependencies = (
				97D03E5E1B1A261700717FDA /* PBXTargetDependency */,
			);
			name = "RGB SlidersTests";
			productName = "RGB SlidersTests";
			productReference = 97D03E5C1B1A261700717FDA /* RGB SlidersTests.xctest */;
			productType = "com.apple.product-type.bundle.unit-test";
		};
/* End PBXNativeTarget section */

/* Begin PBXProject section */
		97D03E3F1B1A261700717FDA /* Project object */ = {
			isa = PBXProject;
			attributes = {
				LastUpgradeCheck = 0630;
				ORGANIZATIONNAME = "Jeff Isaray";
				TargetAttributes = {
					97D03E461B1A261700717FDA = {
						CreatedOnToolsVersion = 6.3.2;
					};
					97D03E5B1B1A261700717FDA = {
						CreatedOnToolsVersion = 6.3.2;
						TestTargetID = 97D03E461B1A261700717FDA;
					};
				};
			};
			buildConfigurationList = 97D03E421B1A261700717FDA /* Build configuration list for PBXProject "RGB Sliders" */;
			compatibilityVersion = "Xcode 3.2";
			developmentRegion = English;
			hasScannedForEncodings = 0;
			knownRegions = (
				en,
				Base,
			);
			mainGroup = 97D03E3E1B1A261700717FDA;
			productRefGroup = 97D03E481B1A261700717FDA /* Products */;
			projectDirPath = "";
			projectRoot = "";
			targets = (
				97D03E461B1A261700717FDA /* RGB Sliders */,
				97D03E5B1B1A261700717FDA /* RGB SlidersTests */,
			);
		};
/* End PBXProject section */

/* Begin PBXResourcesBuildPhase section */
		97D03E451B1A261700717FDA /* Resources */ = {
			isa = PBXResourcesBuildPhase;
			buildActionMask = 2147483647;
			files = (
				97D03E521B1A261700717FDA /* Main.storyboard in Resources */,
				97D03E571B1A261700717FDA /* LaunchScreen.xib in Resources */,
				97D03E541B1A261700717FDA /* Images.xcassets in Resources */,
			);
			runOnlyForDeploymentPostprocessing = 0;
		};
		97D03E5A1B1A261700717FDA /* Resources */ = {
			isa = PBXResourcesBuildPhase;
			buildActionMask = 2147483647;
			files = (
			);
			runOnlyForDeploymentPostprocessing = 0;
		};
/* End PBXResourcesBuildPhase section */

/* Begin PBXSourcesBuildPhase section */
		97D03E431B1A261700717FDA /* Sources */ = {
			isa = PBXSourcesBuildPhase;
			buildActionMask = 2147483647;
			files = (
				97D03E4F1B1A261700717FDA /* ViewController.swift in Sources */,
				97D03E4D1B1A261700717FDA /* AppDelegate.swift in Sources */,
			);
			runOnlyForDeploymentPostprocessing = 0;
		};
		97D03E581B1A261700717FDA /* Sources */ = {
			isa = PBXSourcesBuildPhase;
			buildActionMask = 2147483647;
			files = (
				97D03E631B1A261700717FDA /* RGB_SlidersTests.swift in Sources */,
			);
			runOnlyForDeploymentPostprocessing = 0;
		};
/* End PBXSourcesBuildPhase section */

/* Begin PBXTargetDependency section */
		97D03E5E1B1A261700717FDA /* PBXTargetDependency */ = {
			isa = PBXTargetDependency;
			target = 97D03E461B1A261700717FDA /* RGB Sliders */;
			targetProxy = 97D03E5D1B1A261700717FDA /* PBXContainerItemProxy */;
		};
/* End PBXTargetDependency section */

/* Begin PBXVariantGroup section */
		97D03E501B1A261700717FDA /* Main.storyboard */ = {
			isa = PBXVariantGroup;
			children = (
				97D03E511B1A261700717FDA /* Base */,
			);
			name = Main.storyboard;
			sourceTree = "<group>";
		};
		97D03E551B1A261700717FDA /* LaunchScreen.xib */ = {
			isa = PBXVariantGroup;
			children = (
				97D03E561B1A261700717FDA /* Base */,
			);
			name = LaunchScreen.xib;
			sourceTree = "<group>";
		};
/* End PBXVariantGroup section */

/* Begin XCBuildConfiguration section */
		97D03E641B1A261700717FDA /* Debug */ = {
			isa = XCBuildConfiguration;
			buildSettings = {
				ALWAYS_SEARCH_USER_PATHS = NO;
				CLANG_CXX_LANGUAGE_STANDARD = "gnu++0x";
				CLANG_CXX_LIBRARY = "libc++";
				CLANG_ENABLE_MODULES = YES;
				CLANG_ENABLE_OBJC_ARC = YES;
				CLANG_WARN_BOOL_CONVERSION = YES;
				CLANG_WARN_CONSTANT_CONVERSION = YES;
				CLANG_WARN_DIRECT_OBJC_ISA_USAGE = YES_ERROR;
				CLANG_WARN_EMPTY_BODY = YES;
				CLANG_WARN_ENUM_CONVERSION = YES;
				CLANG_WARN_INT_CONVERSION = YES;
				CLANG_WARN_OBJC_ROOT_CLASS = YES_ERROR;
				CLANG_WARN_UNREACHABLE_CODE = YES;
				CLANG_WARN__DUPLICATE_METHOD_MATCH = YES;
				"CODE_SIGN_IDENTITY[sdk=iphoneos*]" = "iPhone Developer";
				COPY_PHASE_STRIP = NO;
				DEBUG_INFORMATION_FORMAT = "dwarf-with-dsym";
				ENABLE_STRICT_OBJC_MSGSEND = YES;
				GCC_C_LANGUAGE_STANDARD = gnu99;
				GCC_DYNAMIC_NO_PIC = NO;
				GCC_NO_COMMON_BLOCKS = YES;
				GCC_OPTIMIZATION_LEVEL = 0;
				GCC_PREPROCESSOR_DEFINITIONS = (
					"DEBUG=1",
					"$(inherited)",
				);
				GCC_SYMBOLS_PRIVATE_EXTERN = NO;
				GCC_WARN_64_TO_32_BIT_CONVERSION = YES;
				GCC_WARN_ABOUT_RETURN_TYPE = YES_ERROR;
				GCC_WARN_UNDECLARED_SELECTOR = YES;
				GCC_WARN_UNINITIALIZED_AUTOS = YES_AGGRESSIVE;
				GCC_WARN_UNUSED_FUNCTION = YES;
				GCC_WARN_UNUSED_VARIABLE = YES;
				IPHONEOS_DEPLOYMENT_TARGET = 8.3;
				MTL_ENABLE_DEBUG_INFO = YES;
				ONLY_ACTIVE_ARCH = YES;
				SDKROOT = iphoneos;
				SWIFT_OPTIMIZATION_LEVEL = "-Onone";
				TARGETED_DEVICE_FAMILY = "1,2";
			};
			name = Debug;
		};
		97D03E651B1A261700717FDA /* Release */ = {
			isa = XCBuildConfiguration;
			buildSettings = {
				ALWAYS_SEARCH_USER_PATHS = NO;
				CLANG_CXX_LANGUAGE_STANDARD = "gnu++0x";
				CLANG_CXX_LIBRARY = "libc++";
				CLANG_ENABLE_MODULES = YES;
				CLANG_ENABLE_OBJC_ARC = YES;
				CLANG_WARN_BOOL_CONVERSION = YES;
				CLANG_WARN_CONSTANT_CONVERSION = YES;
				CLANG_WARN_DIRECT_OBJC_ISA_USAGE = YES_ERROR;
				CLANG_WARN_EMPTY_BODY = YES;
				CLANG_WARN_ENUM_CONVERSION = YES;
				CLANG_WARN_INT_CONVERSION = YES;
				CLANG_WARN_OBJC_ROOT_CLASS = YES_ERROR;
				CLANG_WARN_UNREACHABLE_CODE = YES;
				CLANG_WARN__DUPLICATE_METHOD_MATCH = YES;
				"CODE_SIGN_IDENTITY[sdk=iphoneos*]" = "iPhone Developer";
				COPY_PHASE_STRIP = NO;
				DEBUG_INFORMATION_FORMAT = "dwarf-with-dsym";
				ENABLE_NS_ASSERTIONS = NO;
				ENABLE_STRICT_OBJC_MSGSEND = YES;
				GCC_C_LANGUAGE_STANDARD = gnu99;
				GCC_NO_COMMON_BLOCKS = YES;
				GCC_WARN_64_TO_32_BIT_CONVERSION = YES;
				GCC_WARN_ABOUT_RETURN_TYPE = YES_ERROR;
				GCC_WARN_UNDECLARED_SELECTOR = YES;
				GCC_WARN_UNINITIALIZED_AUTOS = YES_AGGRESSIVE;
				GCC_WARN_UNUSED_FUNCTION = YES;
				GCC_WARN_UNUSED_VARIABLE = YES;
				IPHONEOS_DEPLOYMENT_TARGET = 8.3;
				MTL_ENABLE_DEBUG_INFO = NO;
				SDKROOT = iphoneos;
				TARGETED_DEVICE_FAMILY = "1,2";
				VALIDATE_PRODUCT = YES;
			};
			name = Release;
		};
		97D03E671B1A261700717FDA /* Debug */ = {
			isa = XCBuildConfiguration;
			buildSettings = {
				ASSETCATALOG_COMPILER_APPICON_NAME = AppIcon;
				INFOPLIST_FILE = "RGB Sliders/Info.plist";
				LD_RUNPATH_SEARCH_PATHS = "$(inherited) @executable_path/Frameworks";
				PRODUCT_NAME = "$(TARGET_NAME)";
			};
			name = Debug;
		};
		97D03E681B1A261700717FDA /* Release */ = {
			isa = XCBuildConfiguration;
			buildSettings = {
				ASSETCATALOG_COMPILER_APPICON_NAME = AppIcon;
				INFOPLIST_FILE = "RGB Sliders/Info.plist";
				LD_RUNPATH_SEARCH_PATHS = "$(inherited) @executable_path/Frameworks";
				PRODUCT_NAME = "$(TARGET_NAME)";
			};
			name = Release;
		};
		97D03E6A1B1A261700717FDA /* Debug */ = {
			isa = XCBuildConfiguration;
			buildSettings = {
				BUNDLE_LOADER = "$(TEST_HOST)";
				FRAMEWORK_SEARCH_PATHS = (
					"$(SDKROOT)/Developer/Library/Frameworks",
					"$(inherited)",
				);
				GCC_PREPROCESSOR_DEFINITIONS = (
					"DEBUG=1",
					"$(inherited)",
				);
				INFOPLIST_FILE = "RGB SlidersTests/Info.plist";
				LD_RUNPATH_SEARCH_PATHS = "$(inherited) @executable_path/Frameworks @loader_path/Frameworks";
				PRODUCT_NAME = "$(TARGET_NAME)";
				TEST_HOST = "$(BUILT_PRODUCTS_DIR)/RGB Sliders.app/RGB Sliders";
			};
			name = Debug;
		};
		97D03E6B1B1A261700717FDA /* Release */ = {
			isa = XCBuildConfiguration;
			buildSettings = {
				BUNDLE_LOADER = "$(TEST_HOST)";
				FRAMEWORK_SEARCH_PATHS = (
					"$(SDKROOT)/Developer/Library/Frameworks",
					"$(inherited)",
				);
				INFOPLIST_FILE = "RGB SlidersTests/Info.plist";
				LD_RUNPATH_SEARCH_PATHS = "$(inherited) @executable_path/Frameworks @loader_path/Frameworks";
				PRODUCT_NAME = "$(TARGET_NAME)";
				TEST_HOST = "$(BUILT_PRODUCTS_DIR)/RGB Sliders.app/RGB Sliders";
			};
			name = Release;
		};
/* End XCBuildConfiguration section */

/* Begin XCConfigurationList section */
		97D03E421B1A261700717FDA /* Build configuration list for PBXProject "RGB Sliders" */ = {
			isa = XCConfigurationList;
			buildConfigurations = (
				97D03E641B1A261700717FDA /* Debug */,
				97D03E651B1A261700717FDA /* Release */,
			);
			defaultConfigurationIsVisible = 0;
			defaultConfigurationName = Release;
		};
		97D03E661B1A261700717FDA /* Build configuration list for PBXNativeTarget "RGB Sliders" */ = {
			isa = XCConfigurationList;
			buildConfigurations = (
				97D03E671B1A261700717FDA /* Debug */,
				97D03E681B1A261700717FDA /* Release */,
			);
			defaultConfigurationIsVisible = 0;
		};
		97D03E691B1A261700717FDA /* Build configuration list for PBXNativeTarget "RGB SlidersTests" */ = {
			isa = XCConfigurationList;
			buildConfigurations = (
				97D03E6A1B1A261700717FDA /* Debug */,
				97D03E6B1B1A261700717FDA /* Release */,
			);
			defaultConfigurationIsVisible = 0;
		};
/* End XCConfigurationList section */
	};
	rootObject = 97D03E3F1B1A261700717FDA /* Project object */;
}
